
Microsoft Visual Studio Solution File, Format Version 12.00
# Visual Studio Version 17
VisualStudioVersion = 17.9.34714.143
MinimumVisualStudioVersion = 10.0.40219.1
Project("{9A19103F-16F7-4668-BE54-9A1E7A4F7556}") = "PlayerEnemyCheck", "PlayerEnemyCheck.csproj", "{3221F8D8-434F-4798-9ED1-2B2C086DF2F5}"
EndProject
Global
	GlobalSection(SolutionConfigurationPlatforms) = preSolution
		Debug|Any CPU = Debug|Any CPU
		Release|Any CPU = Release|Any CPU
	EndGlobalSection
	GlobalSection(ProjectConfigurationPlatforms) = postSolution
		{3221F8D8-434F-4798-9ED1-2B2C086DF2F5}.Debug|Any CPU.ActiveCfg = Debug|Any CPU
		{3221F8D8-434F-4798-9ED1-2B2C086DF2F5}.Debug|Any CPU.Build.0 = Debug|Any CPU
		{3221F8D8-434F-4798-9ED1-2B2C086DF2F5}.Release|Any CPU.ActiveCfg = Release|Any CPU
		{3221F8D8-434F-4798-9ED1-2B2C086DF2F5}.Release|Any CPU.Build.0 = Release|Any CPU
	EndGlobalSection
	GlobalSection(SolutionProperties) = preSolution
		HideSolutionNode = FALSE
	EndGlobalSection
	GlobalSection(ExtensibilityGlobals) = postSolution
		SolutionGuid = {7D31DF34-0DCC-40CE-995C-07F013202418}
	EndGlobalSection
EndGlobal
